
Microsoft Visual Studio Solution File, Format Version 12.00
# Visual Studio Version 16
VisualStudioVersion = 16.0.30128.74
MinimumVisualStudioVersion = 10.0.40219.1
Project("{FAE04EC0-301F-11D3-BF4B-00C04F79EFBC}") = "SR2020", "SR2020\SR2020.csproj", "{CB51E0C0-A52B-4FF1-B520-B3BEAC00A031}"
EndProject
Project("{9A19103F-16F7-4668-BE54-9A1E7A4F7556}") = "CaseApi", "..\CaseApi\CaseApi\CaseApi.csproj", "{C34C1374-858F-4F91-9144-D2F458C676EE}"
EndProject
Project("{9A19103F-16F7-4668-BE54-9A1E7A4F7556}") = "Contracts", "..\CaseApi\Contracts\Contracts.csproj", "{2DA9C46C-7BCB-49FF-A996-309B2114A0AE}"
EndProject
Project("{9A19103F-16F7-4668-BE54-9A1E7A4F7556}") = "Entities", "..\CaseApi\Entities\Entities.csproj", "{C956346C-D23B-4A85-8AFD-0C01E1FAFDF2}"
EndProject
Project("{9A19103F-16F7-4668-BE54-9A1E7A4F7556}") = "LoggerService", "..\CaseApi\LoggerService\LoggerService.csproj", "{5C900C1F-DAED-45D7-80DB-10556475599E}"
EndProject
Project("{9A19103F-16F7-4668-BE54-9A1E7A4F7556}") = "Repository", "..\CaseApi\Repository\Repository.csproj", "{DF9515FD-6137-4BA1-9C3F-AB5128DE7654}"
EndProject
Project("{FAE04EC0-301F-11D3-BF4B-00C04F79EFBC}") = "TestApplication", "TestApplication\TestApplication.csproj", "{7031F406-5BC7-4A78-8578-9FD181EC3C97}"
EndProject
Project("{FAE04EC0-301F-11D3-BF4B-00C04F79EFBC}") = "CookieAuthSampleAPI", "CookieAuthSampleAPI\CookieAuthSampleAPI.csproj", "{3E257317-1FED-43AC-8BA8-3FD28B737377}"
EndProject
Global
	GlobalSection(SolutionConfigurationPlatforms) = preSolution
		Debug|Any CPU = Debug|Any CPU
		Release|Any CPU = Release|Any CPU
	EndGlobalSection
	GlobalSection(ProjectConfigurationPlatforms) = postSolution
		{CB51E0C0-A52B-4FF1-B520-B3BEAC00A031}.Debug|Any CPU.ActiveCfg = Debug|Any CPU
		{CB51E0C0-A52B-4FF1-B520-B3BEAC00A031}.Debug|Any CPU.Build.0 = Debug|Any CPU
		{CB51E0C0-A52B-4FF1-B520-B3BEAC00A031}.Release|Any CPU.ActiveCfg = Release|Any CPU
		{CB51E0C0-A52B-4FF1-B520-B3BEAC00A031}.Release|Any CPU.Build.0 = Release|Any CPU
		{C34C1374-858F-4F91-9144-D2F458C676EE}.Debug|Any CPU.ActiveCfg = Debug|Any CPU
		{C34C1374-858F-4F91-9144-D2F458C676EE}.Debug|Any CPU.Build.0 = Debug|Any CPU
		{C34C1374-858F-4F91-9144-D2F458C676EE}.Release|Any CPU.ActiveCfg = Release|Any CPU
		{C34C1374-858F-4F91-9144-D2F458C676EE}.Release|Any CPU.Build.0 = Release|Any CPU
		{2DA9C46C-7BCB-49FF-A996-309B2114A0AE}.Debug|Any CPU.ActiveCfg = Debug|Any CPU
		{2DA9C46C-7BCB-49FF-A996-309B2114A0AE}.Debug|Any CPU.Build.0 = Debug|Any CPU
		{2DA9C46C-7BCB-49FF-A996-309B2114A0AE}.Release|Any CPU.ActiveCfg = Release|Any CPU
		{2DA9C46C-7BCB-49FF-A996-309B2114A0AE}.Release|Any CPU.Build.0 = Release|Any CPU
		{C956346C-D23B-4A85-8AFD-0C01E1FAFDF2}.Debug|Any CPU.ActiveCfg = Debug|Any CPU
		{C956346C-D23B-4A85-8AFD-0C01E1FAFDF2}.Debug|Any CPU.Build.0 = Debug|Any CPU
		{C956346C-D23B-4A85-8AFD-0C01E1FAFDF2}.Release|Any CPU.ActiveCfg = Release|Any CPU
		{C956346C-D23B-4A85-8AFD-0C01E1FAFDF2}.Release|Any CPU.Build.0 = Release|Any CPU
		{5C900C1F-DAED-45D7-80DB-10556475599E}.Debug|Any CPU.ActiveCfg = Debug|Any CPU
		{5C900C1F-DAED-45D7-80DB-10556475599E}.Debug|Any CPU.Build.0 = Debug|Any CPU
		{5C900C1F-DAED-45D7-80DB-10556475599E}.Release|Any CPU.ActiveCfg = Release|Any CPU
		{5C900C1F-DAED-45D7-80DB-10556475599E}.Release|Any CPU.Build.0 = Release|Any CPU
		{DF9515FD-6137-4BA1-9C3F-AB5128DE7654}.Debug|Any CPU.ActiveCfg = Debug|Any CPU
		{DF9515FD-6137-4BA1-9C3F-AB5128DE7654}.Debug|Any CPU.Build.0 = Debug|Any CPU
		{DF9515FD-6137-4BA1-9C3F-AB5128DE7654}.Release|Any CPU.ActiveCfg = Release|Any CPU
		{DF9515FD-6137-4BA1-9C3F-AB5128DE7654}.Release|Any CPU.Build.0 = Release|Any CPU
		{7031F406-5BC7-4A78-8578-9FD181EC3C97}.Debug|Any CPU.ActiveCfg = Debug|Any CPU
		{7031F406-5BC7-4A78-8578-9FD181EC3C97}.Debug|Any CPU.Build.0 = Debug|Any CPU
		{7031F406-5BC7-4A78-8578-9FD181EC3C97}.Release|Any CPU.ActiveCfg = Release|Any CPU
		{7031F406-5BC7-4A78-8578-9FD181EC3C97}.Release|Any CPU.Build.0 = Release|Any CPU
		{3E257317-1FED-43AC-8BA8-3FD28B737377}.Debug|Any CPU.ActiveCfg = Debug|Any CPU
		{3E257317-1FED-43AC-8BA8-3FD28B737377}.Debug|Any CPU.Build.0 = Debug|Any CPU
		{3E257317-1FED-43AC-8BA8-3FD28B737377}.Release|Any CPU.ActiveCfg = Release|Any CPU
		{3E257317-1FED-43AC-8BA8-3FD28B737377}.Release|Any CPU.Build.0 = Release|Any CPU
	EndGlobalSection
	GlobalSection(SolutionProperties) = preSolution
		HideSolutionNode = FALSE
	EndGlobalSection
	GlobalSection(ExtensibilityGlobals) = postSolution
		SolutionGuid = {1C9CA397-68EC-4096-9C1C-702A4D29538F}
	EndGlobalSection
EndGlobal
