
Microsoft Visual Studio Solution File, Format Version 12.00
# Visual Studio Version 16
VisualStudioVersion = 16.0.30128.74
MinimumVisualStudioVersion = 10.0.40219.1
Project("{FAE04EC0-301F-11D3-BF4B-00C04F79EFBC}") = "SR2020", "SR2020\SR2020.csproj", "{CB51E0C0-A52B-4FF1-B520-B3BEAC00A031}"
EndProject
Project("{9A19103F-16F7-4668-BE54-9A1E7A4F7556}") = "CookieAuthSampleAPI", "CookieAuthSampleAPI\CookieAuthSampleAPI.csproj", "{3E257317-1FED-43AC-8BA8-3FD28B737377}"
EndProject
Project("{9A19103F-16F7-4668-BE54-9A1E7A4F7556}") = "SR2020Core", "SR2020Core\SR2020Core.csproj", "{EF7993AE-AC9E-473E-8230-7B7F43B0D1F0}"
EndProject
Project("{9A19103F-16F7-4668-BE54-9A1E7A4F7556}") = "CaseApi", "CaseApi\CaseApi\CaseApi.csproj", "{9D4F8F9C-82ED-40D3-AC2B-8D4C46A141AA}"
EndProject
Project("{9A19103F-16F7-4668-BE54-9A1E7A4F7556}") = "Contracts", "CaseApi\Contracts\Contracts.csproj", "{2810F668-FF09-4326-B089-B590A610818F}"
EndProject
Project("{9A19103F-16F7-4668-BE54-9A1E7A4F7556}") = "Entities", "CaseApi\Entities\Entities.csproj", "{F049F223-F3D7-488B-80BC-05C8CF5DE87E}"
EndProject
Project("{9A19103F-16F7-4668-BE54-9A1E7A4F7556}") = "LoggerService", "CaseApi\LoggerService\LoggerService.csproj", "{B6E2469C-6650-43F3-8C3A-7A1AE7EFA810}"
EndProject
Project("{9A19103F-16F7-4668-BE54-9A1E7A4F7556}") = "Repository", "CaseApi\Repository\Repository.csproj", "{B8E2D120-B3BC-46D6-8E6C-2DB6FEBDF517}"
EndProject
Global
	GlobalSection(SolutionConfigurationPlatforms) = preSolution
		Debug|Any CPU = Debug|Any CPU
		Release|Any CPU = Release|Any CPU
	EndGlobalSection
	GlobalSection(ProjectConfigurationPlatforms) = postSolution
		{CB51E0C0-A52B-4FF1-B520-B3BEAC00A031}.Debug|Any CPU.ActiveCfg = Debug|Any CPU
		{CB51E0C0-A52B-4FF1-B520-B3BEAC00A031}.Debug|Any CPU.Build.0 = Debug|Any CPU
		{CB51E0C0-A52B-4FF1-B520-B3BEAC00A031}.Release|Any CPU.ActiveCfg = Release|Any CPU
		{CB51E0C0-A52B-4FF1-B520-B3BEAC00A031}.Release|Any CPU.Build.0 = Release|Any CPU
		{3E257317-1FED-43AC-8BA8-3FD28B737377}.Debug|Any CPU.ActiveCfg = Debug|Any CPU
		{3E257317-1FED-43AC-8BA8-3FD28B737377}.Debug|Any CPU.Build.0 = Debug|Any CPU
		{3E257317-1FED-43AC-8BA8-3FD28B737377}.Release|Any CPU.ActiveCfg = Release|Any CPU
		{3E257317-1FED-43AC-8BA8-3FD28B737377}.Release|Any CPU.Build.0 = Release|Any CPU
		{EF7993AE-AC9E-473E-8230-7B7F43B0D1F0}.Debug|Any CPU.ActiveCfg = Debug|Any CPU
		{EF7993AE-AC9E-473E-8230-7B7F43B0D1F0}.Debug|Any CPU.Build.0 = Debug|Any CPU
		{EF7993AE-AC9E-473E-8230-7B7F43B0D1F0}.Release|Any CPU.ActiveCfg = Release|Any CPU
		{EF7993AE-AC9E-473E-8230-7B7F43B0D1F0}.Release|Any CPU.Build.0 = Release|Any CPU
		{9D4F8F9C-82ED-40D3-AC2B-8D4C46A141AA}.Debug|Any CPU.ActiveCfg = Debug|Any CPU
		{9D4F8F9C-82ED-40D3-AC2B-8D4C46A141AA}.Debug|Any CPU.Build.0 = Debug|Any CPU
		{9D4F8F9C-82ED-40D3-AC2B-8D4C46A141AA}.Release|Any CPU.ActiveCfg = Release|Any CPU
		{9D4F8F9C-82ED-40D3-AC2B-8D4C46A141AA}.Release|Any CPU.Build.0 = Release|Any CPU
		{2810F668-FF09-4326-B089-B590A610818F}.Debug|Any CPU.ActiveCfg = Debug|Any CPU
		{2810F668-FF09-4326-B089-B590A610818F}.Debug|Any CPU.Build.0 = Debug|Any CPU
		{2810F668-FF09-4326-B089-B590A610818F}.Release|Any CPU.ActiveCfg = Release|Any CPU
		{2810F668-FF09-4326-B089-B590A610818F}.Release|Any CPU.Build.0 = Release|Any CPU
		{F049F223-F3D7-488B-80BC-05C8CF5DE87E}.Debug|Any CPU.ActiveCfg = Debug|Any CPU
		{F049F223-F3D7-488B-80BC-05C8CF5DE87E}.Debug|Any CPU.Build.0 = Debug|Any CPU
		{F049F223-F3D7-488B-80BC-05C8CF5DE87E}.Release|Any CPU.ActiveCfg = Release|Any CPU
		{F049F223-F3D7-488B-80BC-05C8CF5DE87E}.Release|Any CPU.Build.0 = Release|Any CPU
		{B6E2469C-6650-43F3-8C3A-7A1AE7EFA810}.Debug|Any CPU.ActiveCfg = Debug|Any CPU
		{B6E2469C-6650-43F3-8C3A-7A1AE7EFA810}.Debug|Any CPU.Build.0 = Debug|Any CPU
		{B6E2469C-6650-43F3-8C3A-7A1AE7EFA810}.Release|Any CPU.ActiveCfg = Release|Any CPU
		{B6E2469C-6650-43F3-8C3A-7A1AE7EFA810}.Release|Any CPU.Build.0 = Release|Any CPU
		{B8E2D120-B3BC-46D6-8E6C-2DB6FEBDF517}.Debug|Any CPU.ActiveCfg = Debug|Any CPU
		{B8E2D120-B3BC-46D6-8E6C-2DB6FEBDF517}.Debug|Any CPU.Build.0 = Debug|Any CPU
		{B8E2D120-B3BC-46D6-8E6C-2DB6FEBDF517}.Release|Any CPU.ActiveCfg = Release|Any CPU
		{B8E2D120-B3BC-46D6-8E6C-2DB6FEBDF517}.Release|Any CPU.Build.0 = Release|Any CPU
	EndGlobalSection
	GlobalSection(SolutionProperties) = preSolution
		HideSolutionNode = FALSE
	EndGlobalSection
	GlobalSection(ExtensibilityGlobals) = postSolution
		SolutionGuid = {1C9CA397-68EC-4096-9C1C-702A4D29538F}
	EndGlobalSection
EndGlobal
